// !$*UTF8*$!
{
	archiveVersion = 1;
	classes = {
	};
	objectVersion = 46;
	objects = {

/* Begin PBXBuildFile section */
		2FF68E57C7DF4ECBFEB31088 /* ViewController.m in Sources */ = {isa = PBXBuildFile; fileRef = 2FF6889C756ADF552EE3851E /* ViewController.m */; };
		57C90218BCEF49FAAFC8BB99 /* libPods-NFTImagePickerController Demo.a in Frameworks */ = {isa = PBXBuildFile; fileRef = 7C5456160E494955A8E89459 /* libPods-NFTImagePickerController Demo.a */; };
		C498863F195243A6000E2805 /* Foundation.framework in Frameworks */ = {isa = PBXBuildFile; fileRef = C498863E195243A6000E2805 /* Foundation.framework */; };
		C4988641195243A6000E2805 /* CoreGraphics.framework in Frameworks */ = {isa = PBXBuildFile; fileRef = C4988640195243A6000E2805 /* CoreGraphics.framework */; };
		C4988643195243A6000E2805 /* UIKit.framework in Frameworks */ = {isa = PBXBuildFile; fileRef = C4988642195243A6000E2805 /* UIKit.framework */; };
		C4988649195243A6000E2805 /* InfoPlist.strings in Resources */ = {isa = PBXBuildFile; fileRef = C4988647195243A6000E2805 /* InfoPlist.strings */; };
		C498864B195243A6000E2805 /* main.m in Sources */ = {isa = PBXBuildFile; fileRef = C498864A195243A6000E2805 /* main.m */; };
		C4988651195243A6000E2805 /* Images.xcassets in Resources */ = {isa = PBXBuildFile; fileRef = C4988650195243A6000E2805 /* Images.xcassets */; };
		C4988658195243A7000E2805 /* XCTest.framework in Frameworks */ = {isa = PBXBuildFile; fileRef = C4988657195243A7000E2805 /* XCTest.framework */; };
		C4988659195243A7000E2805 /* Foundation.framework in Frameworks */ = {isa = PBXBuildFile; fileRef = C498863E195243A6000E2805 /* Foundation.framework */; };
		C498865A195243A7000E2805 /* UIKit.framework in Frameworks */ = {isa = PBXBuildFile; fileRef = C4988642195243A6000E2805 /* UIKit.framework */; };
		C4E856A41954DF0F00A588F9 /* AppDelegate.m in Sources */ = {isa = PBXBuildFile; fileRef = C4E856A31954DF0F00A588F9 /* AppDelegate.m */; };
/* End PBXBuildFile section */

/* Begin PBXContainerItemProxy section */
		C498865B195243A7000E2805 /* PBXContainerItemProxy */ = {
			isa = PBXContainerItemProxy;
			containerPortal = C4988633195243A6000E2805 /* Project object */;
			proxyType = 1;
			remoteGlobalIDString = C498863A195243A6000E2805;
			remoteInfo = "NFTImagePickerController Demo";
		};
/* End PBXContainerItemProxy section */

/* Begin PBXFileReference section */
		2746EF6CBF57EBD2C96084C4 /* Pods-NFTImagePickerController Demo.release.xcconfig */ = {isa = PBXFileReference; includeInIndex = 1; lastKnownFileType = text.xcconfig; name = "Pods-NFTImagePickerController Demo.release.xcconfig"; path = "Pods/Target Support Files/Pods-NFTImagePickerController Demo/Pods-NFTImagePickerController Demo.release.xcconfig"; sourceTree = "<group>"; };
		2FF685DAF0393BFE3A3EF4F2 /* ViewController.h */ = {isa = PBXFileReference; fileEncoding = 4; lastKnownFileType = sourcecode.c.h; path = ViewController.h; sourceTree = "<group>"; };
		2FF6889C756ADF552EE3851E /* ViewController.m */ = {isa = PBXFileReference; fileEncoding = 4; lastKnownFileType = sourcecode.c.objc; path = ViewController.m; sourceTree = "<group>"; };
		7C5456160E494955A8E89459 /* libPods-NFTImagePickerController Demo.a */ = {isa = PBXFileReference; explicitFileType = archive.ar; includeInIndex = 0; path = "libPods-NFTImagePickerController Demo.a"; sourceTree = BUILT_PRODUCTS_DIR; };
		C498863B195243A6000E2805 /* NFTImagePickerController Demo.app */ = {isa = PBXFileReference; explicitFileType = wrapper.application; includeInIndex = 0; path = "NFTImagePickerController Demo.app"; sourceTree = BUILT_PRODUCTS_DIR; };
		C498863E195243A6000E2805 /* Foundation.framework */ = {isa = PBXFileReference; lastKnownFileType = wrapper.framework; name = Foundation.framework; path = System/Library/Frameworks/Foundation.framework; sourceTree = SDKROOT; };
		C4988640195243A6000E2805 /* CoreGraphics.framework */ = {isa = PBXFileReference; lastKnownFileType = wrapper.framework; name = CoreGraphics.framework; path = System/Library/Frameworks/CoreGraphics.framework; sourceTree = SDKROOT; };
		C4988642195243A6000E2805 /* UIKit.framework */ = {isa = PBXFileReference; lastKnownFileType = wrapper.framework; name = UIKit.framework; path = System/Library/Frameworks/UIKit.framework; sourceTree = SDKROOT; };
		C4988646195243A6000E2805 /* NFTImagePickerController Demo-Info.plist */ = {isa = PBXFileReference; lastKnownFileType = text.plist.xml; path = "NFTImagePickerController Demo-Info.plist"; sourceTree = "<group>"; };
		C4988648195243A6000E2805 /* en */ = {isa = PBXFileReference; lastKnownFileType = text.plist.strings; name = en; path = en.lproj/InfoPlist.strings; sourceTree = "<group>"; };
		C498864A195243A6000E2805 /* main.m */ = {isa = PBXFileReference; lastKnownFileType = sourcecode.c.objc; path = main.m; sourceTree = "<group>"; };
		C498864C195243A6000E2805 /* NFTImagePickerController Demo-Prefix.pch */ = {isa = PBXFileReference; lastKnownFileType = sourcecode.c.h; path = "NFTImagePickerController Demo-Prefix.pch"; sourceTree = "<group>"; };
		C4988650195243A6000E2805 /* Images.xcassets */ = {isa = PBXFileReference; lastKnownFileType = folder.assetcatalog; path = Images.xcassets; sourceTree = "<group>"; };
		C4988656195243A7000E2805 /* NFTImagePickerController DemoTests.xctest */ = {isa = PBXFileReference; explicitFileType = wrapper.cfbundle; includeInIndex = 0; path = "NFTImagePickerController DemoTests.xctest"; sourceTree = BUILT_PRODUCTS_DIR; };
		C4988657195243A7000E2805 /* XCTest.framework */ = {isa = PBXFileReference; lastKnownFileType = wrapper.framework; name = XCTest.framework; path = Library/Frameworks/XCTest.framework; sourceTree = DEVELOPER_DIR; };
		C4E856A21954DF0F00A588F9 /* AppDelegate.h */ = {isa = PBXFileReference; fileEncoding = 4; lastKnownFileType = sourcecode.c.h; path = AppDelegate.h; sourceTree = "<group>"; };
		C4E856A31954DF0F00A588F9 /* AppDelegate.m */ = {isa = PBXFileReference; fileEncoding = 4; lastKnownFileType = sourcecode.c.objc; path = AppDelegate.m; sourceTree = "<group>"; };
		E59B9E31CCF1325BD9483585 /* Pods-NFTImagePickerController Demo.debug.xcconfig */ = {isa = PBXFileReference; includeInIndex = 1; lastKnownFileType = text.xcconfig; name = "Pods-NFTImagePickerController Demo.debug.xcconfig"; path = "Pods/Target Support Files/Pods-NFTImagePickerController Demo/Pods-NFTImagePickerController Demo.debug.xcconfig"; sourceTree = "<group>"; };
/* End PBXFileReference section */

/* Begin PBXFrameworksBuildPhase section */
		C4988638195243A6000E2805 /* Frameworks */ = {
			isa = PBXFrameworksBuildPhase;
			buildActionMask = 2147483647;
			files = (
				C4988641195243A6000E2805 /* CoreGraphics.framework in Frameworks */,
				C4988643195243A6000E2805 /* UIKit.framework in Frameworks */,
				C498863F195243A6000E2805 /* Foundation.framework in Frameworks */,
				57C90218BCEF49FAAFC8BB99 /* libPods-NFTImagePickerController Demo.a in Frameworks */,
			);
			runOnlyForDeploymentPostprocessing = 0;
		};
		C4988653195243A7000E2805 /* Frameworks */ = {
			isa = PBXFrameworksBuildPhase;
			buildActionMask = 2147483647;
			files = (
				C4988658195243A7000E2805 /* XCTest.framework in Frameworks */,
				C498865A195243A7000E2805 /* UIKit.framework in Frameworks */,
				C4988659195243A7000E2805 /* Foundation.framework in Frameworks */,
			);
			runOnlyForDeploymentPostprocessing = 0;
		};
/* End PBXFrameworksBuildPhase section */

/* Begin PBXGroup section */
		19038F117ED90EA87ADACD45 /* Pods */ = {
			isa = PBXGroup;
			children = (
				E59B9E31CCF1325BD9483585 /* Pods-NFTImagePickerController Demo.debug.xcconfig */,
				2746EF6CBF57EBD2C96084C4 /* Pods-NFTImagePickerController Demo.release.xcconfig */,
			);
			name = Pods;
			sourceTree = "<group>";
		};
		C4988632195243A6000E2805 = {
			isa = PBXGroup;
			children = (
				C4988644195243A6000E2805 /* NFTImagePickerController Demo */,
				C498863D195243A6000E2805 /* Frameworks */,
				C498863C195243A6000E2805 /* Products */,
				19038F117ED90EA87ADACD45 /* Pods */,
			);
			sourceTree = "<group>";
		};
		C498863C195243A6000E2805 /* Products */ = {
			isa = PBXGroup;
			children = (
				C498863B195243A6000E2805 /* NFTImagePickerController Demo.app */,
				C4988656195243A7000E2805 /* NFTImagePickerController DemoTests.xctest */,
			);
			name = Products;
			sourceTree = "<group>";
		};
		C498863D195243A6000E2805 /* Frameworks */ = {
			isa = PBXGroup;
			children = (
				C498863E195243A6000E2805 /* Foundation.framework */,
				C4988640195243A6000E2805 /* CoreGraphics.framework */,
				C4988642195243A6000E2805 /* UIKit.framework */,
				C4988657195243A7000E2805 /* XCTest.framework */,
				7C5456160E494955A8E89459 /* libPods-NFTImagePickerController Demo.a */,
			);
			name = Frameworks;
			sourceTree = "<group>";
		};
		C4988644195243A6000E2805 /* NFTImagePickerController Demo */ = {
			isa = PBXGroup;
			children = (
				C4988645195243A6000E2805 /* Supporting Files */,
				C4E856A21954DF0F00A588F9 /* AppDelegate.h */,
				C4E856A31954DF0F00A588F9 /* AppDelegate.m */,
				C4988650195243A6000E2805 /* Images.xcassets */,
				2FF6889C756ADF552EE3851E /* ViewController.m */,
				2FF685DAF0393BFE3A3EF4F2 /* ViewController.h */,
			);
			path = "NFTImagePickerController Demo";
			sourceTree = "<group>";
		};
		C4988645195243A6000E2805 /* Supporting Files */ = {
			isa = PBXGroup;
			children = (
				C4988646195243A6000E2805 /* NFTImagePickerController Demo-Info.plist */,
				C4988647195243A6000E2805 /* InfoPlist.strings */,
				C498864A195243A6000E2805 /* main.m */,
				C498864C195243A6000E2805 /* NFTImagePickerController Demo-Prefix.pch */,
			);
			name = "Supporting Files";
			sourceTree = "<group>";
		};
/* End PBXGroup section */

/* Begin PBXNativeTarget section */
		C498863A195243A6000E2805 /* NFTImagePickerController Demo */ = {
			isa = PBXNativeTarget;
			buildConfigurationList = C4988667195243A7000E2805 /* Build configuration list for PBXNativeTarget "NFTImagePickerController Demo" */;
			buildPhases = (
				0432B873569B4F989D0324F4 /* Check Pods Manifest.lock */,
				C4988637195243A6000E2805 /* Sources */,
				C4988638195243A6000E2805 /* Frameworks */,
				C4988639195243A6000E2805 /* Resources */,
				5B74041CC5EF4C3A8ECEFF49 /* Copy Pods Resources */,
			);
			buildRules = (
			);
			dependencies = (
			);
			name = "NFTImagePickerController Demo";
			productName = "NFTImagePickerController Demo";
			productReference = C498863B195243A6000E2805 /* NFTImagePickerController Demo.app */;
			productType = "com.apple.product-type.application";
		};
		C4988655195243A7000E2805 /* NFTImagePickerController DemoTests */ = {
			isa = PBXNativeTarget;
			buildConfigurationList = C498866A195243A7000E2805 /* Build configuration list for PBXNativeTarget "NFTImagePickerController DemoTests" */;
			buildPhases = (
				C4988652195243A7000E2805 /* Sources */,
				C4988653195243A7000E2805 /* Frameworks */,
				C4988654195243A7000E2805 /* Resources */,
			);
			buildRules = (
			);
			dependencies = (
				C498865C195243A7000E2805 /* PBXTargetDependency */,
			);
			name = "NFTImagePickerController DemoTests";
			productName = "NFTImagePickerController DemoTests";
			productReference = C4988656195243A7000E2805 /* NFTImagePickerController DemoTests.xctest */;
			productType = "com.apple.product-type.bundle.unit-test";
		};
/* End PBXNativeTarget section */

/* Begin PBXProject section */
		C4988633195243A6000E2805 /* Project object */ = {
			isa = PBXProject;
			attributes = {
				CLASSPREFIX = NFT;
				LastUpgradeCheck = 0510;
				ORGANIZATIONNAME = Nifti;
				TargetAttributes = {
					C4988655195243A7000E2805 = {
						TestTargetID = C498863A195243A6000E2805;
					};
				};
			};
			buildConfigurationList = C4988636195243A6000E2805 /* Build configuration list for PBXProject "NFTImagePickerController Demo" */;
			compatibilityVersion = "Xcode 3.2";
			developmentRegion = English;
			hasScannedForEncodings = 0;
			knownRegions = (
				en,
			);
			mainGroup = C4988632195243A6000E2805;
			productRefGroup = C498863C195243A6000E2805 /* Products */;
			projectDirPath = "";
			projectRoot = "";
			targets = (
				C498863A195243A6000E2805 /* NFTImagePickerController Demo */,
				C4988655195243A7000E2805 /* NFTImagePickerController DemoTests */,
			);
		};
/* End PBXProject section */

/* Begin PBXResourcesBuildPhase section */
		C4988639195243A6000E2805 /* Resources */ = {
			isa = PBXResourcesBuildPhase;
			buildActionMask = 2147483647;
			files = (
				C4988649195243A6000E2805 /* InfoPlist.strings in Resources */,
				C4988651195243A6000E2805 /* Images.xcassets in Resources */,
			);
			runOnlyForDeploymentPostprocessing = 0;
		};
		C4988654195243A7000E2805 /* Resources */ = {
			isa = PBXResourcesBuildPhase;
			buildActionMask = 2147483647;
			files = (
			);
			runOnlyForDeploymentPostprocessing = 0;
		};
/* End PBXResourcesBuildPhase section */

/* Begin PBXShellScriptBuildPhase section */
		0432B873569B4F989D0324F4 /* Check Pods Manifest.lock */ = {
			isa = PBXShellScriptBuildPhase;
			buildActionMask = 2147483647;
			files = (
			);
			inputPaths = (
			);
			name = "Check Pods Manifest.lock";
			outputPaths = (
			);
			runOnlyForDeploymentPostprocessing = 0;
			shellPath = /bin/sh;
			shellScript = "diff \"${PODS_ROOT}/../Podfile.lock\" \"${PODS_ROOT}/Manifest.lock\" > /dev/null\nif [[ $? != 0 ]] ; then\n    cat << EOM\nerror: The sandbox is not in sync with the Podfile.lock. Run 'pod install' or update your CocoaPods installation.\nEOM\n    exit 1\nfi\n";
			showEnvVarsInLog = 0;
		};
		5B74041CC5EF4C3A8ECEFF49 /* Copy Pods Resources */ = {
			isa = PBXShellScriptBuildPhase;
			buildActionMask = 2147483647;
			files = (
			);
			inputPaths = (
			);
			name = "Copy Pods Resources";
			outputPaths = (
			);
			runOnlyForDeploymentPostprocessing = 0;
			shellPath = /bin/sh;
			shellScript = "\"${SRCROOT}/Pods/Target Support Files/Pods-NFTImagePickerController Demo/Pods-NFTImagePickerController Demo-resources.sh\"\n";
			showEnvVarsInLog = 0;
		};
/* End PBXShellScriptBuildPhase section */

/* Begin PBXSourcesBuildPhase section */
		C4988637195243A6000E2805 /* Sources */ = {
			isa = PBXSourcesBuildPhase;
			buildActionMask = 2147483647;
			files = (
				C4E856A41954DF0F00A588F9 /* AppDelegate.m in Sources */,
				C498864B195243A6000E2805 /* main.m in Sources */,
				2FF68E57C7DF4ECBFEB31088 /* ViewController.m in Sources */,
			);
			runOnlyForDeploymentPostprocessing = 0;
		};
		C4988652195243A7000E2805 /* Sources */ = {
			isa = PBXSourcesBuildPhase;
			buildActionMask = 2147483647;
			files = (
			);
			runOnlyForDeploymentPostprocessing = 0;
		};
/* End PBXSourcesBuildPhase section */

/* Begin PBXTargetDependency section */
		C498865C195243A7000E2805 /* PBXTargetDependency */ = {
			isa = PBXTargetDependency;
			target = C498863A195243A6000E2805 /* NFTImagePickerController Demo */;
			targetProxy = C498865B195243A7000E2805 /* PBXContainerItemProxy */;
		};
/* End PBXTargetDependency section */

/* Begin PBXVariantGroup section */
		C4988647195243A6000E2805 /* InfoPlist.strings */ = {
			isa = PBXVariantGroup;
			children = (
				C4988648195243A6000E2805 /* en */,
			);
			name = InfoPlist.strings;
			sourceTree = "<group>";
		};
/* End PBXVariantGroup section */

/* Begin XCBuildConfiguration section */
		C4988665195243A7000E2805 /* Debug */ = {
			isa = XCBuildConfiguration;
			buildSettings = {
				ALWAYS_SEARCH_USER_PATHS = NO;
				CLANG_CXX_LANGUAGE_STANDARD = "gnu++0x";
				CLANG_CXX_LIBRARY = "libc++";
				CLANG_ENABLE_MODULES = YES;
				CLANG_ENABLE_OBJC_ARC = YES;
				CLANG_WARN_BOOL_CONVERSION = YES;
				CLANG_WARN_CONSTANT_CONVERSION = YES;
				CLANG_WARN_DIRECT_OBJC_ISA_USAGE = YES_ERROR;
				CLANG_WARN_EMPTY_BODY = YES;
				CLANG_WARN_ENUM_CONVERSION = YES;
				CLANG_WARN_INT_CONVERSION = YES;
				CLANG_WARN_OBJC_ROOT_CLASS = YES_ERROR;
				CLANG_WARN__DUPLICATE_METHOD_MATCH = YES;
				"CODE_SIGN_IDENTITY[sdk=iphoneos*]" = "iPhone Developer";
				COPY_PHASE_STRIP = NO;
				GCC_C_LANGUAGE_STANDARD = gnu99;
				GCC_DYNAMIC_NO_PIC = NO;
				GCC_OPTIMIZATION_LEVEL = 0;
				GCC_PREPROCESSOR_DEFINITIONS = (
					"DEBUG=1",
					"$(inherited)",
				);
				GCC_SYMBOLS_PRIVATE_EXTERN = NO;
				GCC_WARN_64_TO_32_BIT_CONVERSION = YES;
				GCC_WARN_ABOUT_RETURN_TYPE = YES_ERROR;
				GCC_WARN_UNDECLARED_SELECTOR = YES;
				GCC_WARN_UNINITIALIZED_AUTOS = YES_AGGRESSIVE;
				GCC_WARN_UNUSED_FUNCTION = YES;
				GCC_WARN_UNUSED_VARIABLE = YES;
				IPHONEOS_DEPLOYMENT_TARGET = 7.1;
				ONLY_ACTIVE_ARCH = YES;
				SDKROOT = iphoneos;
			};
			name = Debug;
		};
		C4988666195243A7000E2805 /* Release */ = {
			isa = XCBuildConfiguration;
			buildSettings = {
				ALWAYS_SEARCH_USER_PATHS = NO;
				CLANG_CXX_LANGUAGE_STANDARD = "gnu++0x";
				CLANG_CXX_LIBRARY = "libc++";
				CLANG_ENABLE_MODULES = YES;
				CLANG_ENABLE_OBJC_ARC = YES;
				CLANG_WARN_BOOL_CONVERSION = YES;
				CLANG_WARN_CONSTANT_CONVERSION = YES;
				CLANG_WARN_DIRECT_OBJC_ISA_USAGE = YES_ERROR;
				CLANG_WARN_EMPTY_BODY = YES;
				CLANG_WARN_ENUM_CONVERSION = YES;
				CLANG_WARN_INT_CONVERSION = YES;
				CLANG_WARN_OBJC_ROOT_CLASS = YES_ERROR;
				CLANG_WARN__DUPLICATE_METHOD_MATCH = YES;
				"CODE_SIGN_IDENTITY[sdk=iphoneos*]" = "iPhone Developer";
				COPY_PHASE_STRIP = YES;
				ENABLE_NS_ASSERTIONS = NO;
				GCC_C_LANGUAGE_STANDARD = gnu99;
				GCC_WARN_64_TO_32_BIT_CONVERSION = YES;
				GCC_WARN_ABOUT_RETURN_TYPE = YES_ERROR;
				GCC_WARN_UNDECLARED_SELECTOR = YES;
				GCC_WARN_UNINITIALIZED_AUTOS = YES_AGGRESSIVE;
				GCC_WARN_UNUSED_FUNCTION = YES;
				GCC_WARN_UNUSED_VARIABLE = YES;
				IPHONEOS_DEPLOYMENT_TARGET = 7.1;
				SDKROOT = iphoneos;
				VALIDATE_PRODUCT = YES;
			};
			name = Release;
		};
		C4988668195243A7000E2805 /* Debug */ = {
			isa = XCBuildConfiguration;
			baseConfigurationReference = E59B9E31CCF1325BD9483585 /* Pods-NFTImagePickerController Demo.debug.xcconfig */;
			buildSettings = {
				ASSETCATALOG_COMPILER_APPICON_NAME = AppIcon;
				ASSETCATALOG_COMPILER_LAUNCHIMAGE_NAME = LaunchImage;
				GCC_PRECOMPILE_PREFIX_HEADER = YES;
				GCC_PREFIX_HEADER = "NFTImagePickerController Demo/NFTImagePickerController Demo-Prefix.pch";
				INFOPLIST_FILE = "NFTImagePickerController Demo/NFTImagePickerController Demo-Info.plist";
				PRODUCT_NAME = "$(TARGET_NAME)";
				WRAPPER_EXTENSION = app;
			};
			name = Debug;
		};
		C4988669195243A7000E2805 /* Release */ = {
			isa = XCBuildConfiguration;
			baseConfigurationReference = 2746EF6CBF57EBD2C96084C4 /* Pods-NFTImagePickerController Demo.release.xcconfig */;
			buildSettings = {
				ASSETCATALOG_COMPILER_APPICON_NAME = AppIcon;
				ASSETCATALOG_COMPILER_LAUNCHIMAGE_NAME = LaunchImage;
				GCC_PRECOMPILE_PREFIX_HEADER = YES;
				GCC_PREFIX_HEADER = "NFTImagePickerController Demo/NFTImagePickerController Demo-Prefix.pch";
				INFOPLIST_FILE = "NFTImagePickerController Demo/NFTImagePickerController Demo-Info.plist";
				PRODUCT_NAME = "$(TARGET_NAME)";
				WRAPPER_EXTENSION = app;
			};
			name = Release;
		};
		C498866B195243A7000E2805 /* Debug */ = {
			isa = XCBuildConfiguration;
			buildSettings = {
				BUNDLE_LOADER = "$(BUILT_PRODUCTS_DIR)/NFTImagePickerController Demo.app/NFTImagePickerController Demo";
				FRAMEWORK_SEARCH_PATHS = (
					"$(SDKROOT)/Developer/Library/Frameworks",
					"$(inherited)",
					"$(DEVELOPER_FRAMEWORKS_DIR)",
				);
				GCC_PRECOMPILE_PREFIX_HEADER = YES;
				GCC_PREFIX_HEADER = "NFTImagePickerController Demo/NFTImagePickerController Demo-Prefix.pch";
				GCC_PREPROCESSOR_DEFINITIONS = (
					"DEBUG=1",
					"$(inherited)",
				);
				INFOPLIST_FILE = "NFTImagePickerController DemoTests/NFTImagePickerController DemoTests-Info.plist";
				PRODUCT_NAME = "$(TARGET_NAME)";
				TEST_HOST = "$(BUNDLE_LOADER)";
				WRAPPER_EXTENSION = xctest;
			};
			name = Debug;
		};
		C498866C195243A7000E2805 /* Release */ = {
			isa = XCBuildConfiguration;
			buildSettings = {
				BUNDLE_LOADER = "$(BUILT_PRODUCTS_DIR)/NFTImagePickerController Demo.app/NFTImagePickerController Demo";
				FRAMEWORK_SEARCH_PATHS = (
					"$(SDKROOT)/Developer/Library/Frameworks",
					"$(inherited)",
					"$(DEVELOPER_FRAMEWORKS_DIR)",
				);
				GCC_PRECOMPILE_PREFIX_HEADER = YES;
				GCC_PREFIX_HEADER = "NFTImagePickerController Demo/NFTImagePickerController Demo-Prefix.pch";
				INFOPLIST_FILE = "NFTImagePickerController DemoTests/NFTImagePickerController DemoTests-Info.plist";
				PRODUCT_NAME = "$(TARGET_NAME)";
				TEST_HOST = "$(BUNDLE_LOADER)";
				WRAPPER_EXTENSION = xctest;
			};
			name = Release;
		};
/* End XCBuildConfiguration section */

/* Begin XCConfigurationList section */
		C4988636195243A6000E2805 /* Build configuration list for PBXProject "NFTImagePickerController Demo" */ = {
			isa = XCConfigurationList;
			buildConfigurations = (
				C4988665195243A7000E2805 /* Debug */,
				C4988666195243A7000E2805 /* Release */,
			);
			defaultConfigurationIsVisible = 0;
			defaultConfigurationName = Release;
		};
		C4988667195243A7000E2805 /* Build configuration list for PBXNativeTarget "NFTImagePickerController Demo" */ = {
			isa = XCConfigurationList;
			buildConfigurations = (
				C4988668195243A7000E2805 /* Debug */,
				C4988669195243A7000E2805 /* Release */,
			);
			defaultConfigurationIsVisible = 0;
			defaultConfigurationName = Release;
		};
		C498866A195243A7000E2805 /* Build configuration list for PBXNativeTarget "NFTImagePickerController DemoTests" */ = {
			isa = XCConfigurationList;
			buildConfigurations = (
				C498866B195243A7000E2805 /* Debug */,
				C498866C195243A7000E2805 /* Release */,
			);
			defaultConfigurationIsVisible = 0;
			defaultConfigurationName = Release;
		};
/* End XCConfigurationList section */
	};
	rootObject = C4988633195243A6000E2805 /* Project object */;
}
